
Microsoft Visual Studio Solution File, Format Version 12.00
# Visual Studio Version 16
VisualStudioVersion = 16.0.30907.101
MinimumVisualStudioVersion = 10.0.40219.1
Project("{FAE04EC0-301F-11D3-BF4B-00C04F79EFBC}") = "Solution_1", "Solution_1\Solution_1.csproj", "{1EFA4FA9-8C93-4856-B58F-78B2629B2AB3}"
EndProject
Global
	GlobalSection(SolutionConfigurationPlatforms) = preSolution
		Debug|Any CPU = Debug|Any CPU
		Release|Any CPU = Release|Any CPU
	EndGlobalSection
	GlobalSection(ProjectConfigurationPlatforms) = postSolution
		{1EFA4FA9-8C93-4856-B58F-78B2629B2AB3}.Debug|Any CPU.ActiveCfg = Debug|Any CPU
		{1EFA4FA9-8C93-4856-B58F-78B2629B2AB3}.Debug|Any CPU.Build.0 = Debug|Any CPU
		{1EFA4FA9-8C93-4856-B58F-78B2629B2AB3}.Release|Any CPU.ActiveCfg = Release|Any CPU
		{1EFA4FA9-8C93-4856-B58F-78B2629B2AB3}.Release|Any CPU.Build.0 = Release|Any CPU
	EndGlobalSection
	GlobalSection(SolutionProperties) = preSolution
		HideSolutionNode = FALSE
	EndGlobalSection
	GlobalSection(ExtensibilityGlobals) = postSolution
		SolutionGuid = {F6D79611-2154-45B3-999C-8D15A21045E3}
	EndGlobalSection
EndGlobal
